{
  "name": "sam-ux-audit",
  "version": "0.1.0",
  "lockfileVersion": 3,
  "requires": true,
  "packages": {
    "": {
      "name": "sam-ux-audit",
      "version": "0.1.0",
      "devDependencies": {
        "skills-lock": "https://codeload.github.com/luisalima/skills-lock/tar.gz/4e37719a163b6022d4a2828850567421f9de7825"
      }
    },
    "node_modules/skills-lock": {
      "version": "0.1.0",
      "resolved": "https://codeload.github.com/luisalima/skills-lock/tar.gz/4e37719a163b6022d4a2828850567421f9de7825",
      "integrity": "sha512-/oQmSRtUjpdxBDvfrk+lV/2DmV+N5Zufz0wCj0cevomWQ3aonecL2Wh25b/PkVYBnRap/df819hSfACDHzwNug==",
      "dev": true,
      "license": "MIT",
      "bin": {
        "skills-lock": "bin/skills-lock.mjs"
      },
      "engines": {
        "node": ">=18"
      }
    }
  }
}
